<?xml version="1.0" encoding="utf-8"?>
<Project ToolsVersion="4.0" xmlns="http://schemas.microsoft.com/developer/msbuild/2003">
  <ItemGroup>
    <ClCompile Include="Lux.cpp" />
    <ClCompile Include="Input.cpp" />
    <ClCompile Include="sdr\RtlSdrDllLoader.cpp">
      <Filter>sdr</Filter>
    </ClCompile>
    <ClCompile Include="sdr\Sdr.cpp">
      <Filter>sdr</Filter>
    </ClCompile>
    <ClCompile Include="GuCommon\stb\stb_implementations.cpp">
      <Filter>gucommon\stb</Filter>
    </ClCompile>
    <ClCompile Include="GuCommon\strings\StringUtils.cpp">
      <Filter>gucommon\strings</Filter>
    </ClCompile>
    <ClCompile Include="GuCommon\shaders\ShaderFactory.cpp">
      <Filter>gucommon\shaders</Filter>
    </ClCompile>
    <ClCompile Include="GuCommon\logging\Logger.cpp">
      <Filter>gucommon\logging</Filter>
    </ClCompile>
    <ClCompile Include="Viewer.cpp" />
    <ClCompile Include="GuCommon\text\SentenceManager.cpp">
      <Filter>gucommon\text</Filter>
    </ClCompile>
    <ClCompile Include="sdr\SdrBuffer.cpp">
      <Filter>sdr</Filter>
    </ClCompile>
    <ClCompile Include="filters\FilterBase.cpp">
      <Filter>filters</Filter>
    </ClCompile>
    <ClCompile Include="filters\IQSpectrum.cpp">
      <Filter>filters</Filter>
    </ClCompile>
    <ClCompile Include="math\CustomFilter.cpp">
      <Filter>math</Filter>
    </ClCompile>
    <ClCompile Include="math\WindowedSincFilter.cpp">
      <Filter>math</Filter>
    </ClCompile>
    <ClCompile Include="filters\FrequencySpectrum.cpp">
      <Filter>filters</Filter>
    </ClCompile>
    <ClCompile Include="math\FourierTransform.cpp">
      <Filter>math</Filter>
    </ClCompile>
    <ClCompile Include="Pane.cpp">
      <Filter>pane</Filter>
    </ClCompile>
    <ClCompile Include="LineRenderer.cpp">
      <Filter>renderers</Filter>
    </ClCompile>
    <ClCompile Include="PointRenderer.cpp">
      <Filter>renderers</Filter>
    </ClCompile>
  </ItemGroup>
  <ItemGroup>
    <ClInclude Include="Lux.h" />
    <ClInclude Include="version.h" />
    <ClInclude Include="Input.h" />
    <ClInclude Include="sdr\RtlSdrDllLoader.h">
      <Filter>sdr</Filter>
    </ClInclude>
    <ClInclude Include="sdr\Sdr.h">
      <Filter>sdr</Filter>
    </ClInclude>
    <ClInclude Include="GuCommon\strings\StringUtils.h">
      <Filter>gucommon\strings</Filter>
    </ClInclude>
    <ClInclude Include="GuCommon\shaders\ShaderFactory.h">
      <Filter>gucommon\shaders</Filter>
    </ClInclude>
    <ClInclude Include="GuCommon\logging\Logger.h">
      <Filter>gucommon\logging</Filter>
    </ClInclude>
    <ClInclude Include="GuCommon\data\TextDataTypes.h">
      <Filter>gucommon\data</Filter>
    </ClInclude>
    <ClInclude Include="GuCommon\vertex\VboBase.hpp">
      <Filter>gucommon\vertex</Filter>
    </ClInclude>
    <ClInclude Include="GuCommon\vertex\PositionVbo.hpp">
      <Filter>gucommon\vertex</Filter>
    </ClInclude>
    <ClInclude Include="GuCommon\vertex\ColorVbo.hpp">
      <Filter>gucommon\vertex</Filter>
    </ClInclude>
    <ClInclude Include="GuCommon\vertex\UvVbo.hpp">
      <Filter>gucommon\vertex</Filter>
    </ClInclude>
    <ClInclude Include="GuCommon\vertex\VboHelper.hpp">
      <Filter>gucommon\vertex</Filter>
    </ClInclude>
    <ClInclude Include="Viewer.h" />
    <ClInclude Include="GuCommon\SentenceManager.h">
      <Filter>gucommon\text</Filter>
    </ClInclude>
    <ClInclude Include="sdr\SdrBuffer.h">
      <Filter>sdr</Filter>
    </ClInclude>
    <ClInclude Include="filters\IQSpectrum.h">
      <Filter>filters</Filter>
    </ClInclude>
    <ClInclude Include="math\CustomFilter.h">
      <Filter>math</Filter>
    </ClInclude>
    <ClInclude Include="math\Constants.h">
      <Filter>math</Filter>
    </ClInclude>
    <ClInclude Include="math\WindowedSincFilter.h">
      <Filter>math</Filter>
    </ClInclude>
    <ClInclude Include="filters\FilterBase.h">
      <Filter>filters</Filter>
    </ClInclude>
    <ClInclude Include="filters\FrequencySpectrum.h">
      <Filter>filters</Filter>
    </ClInclude>
    <ClInclude Include="math\FourierTransform.h">
      <Filter>math</Filter>
    </ClInclude>
    <ClInclude Include="IPaneRenderable.h">
      <Filter>pane</Filter>
    </ClInclude>
    <ClInclude Include="Pane.h">
      <Filter>pane</Filter>
    </ClInclude>
    <ClInclude Include="LineRenderer.h">
      <Filter>renderers</Filter>
    </ClInclude>
    <ClInclude Include="PointRenderer.h">
      <Filter>renderers</Filter>
    </ClInclude>
  </ItemGroup>
  <ItemGroup>
    <Filter Include="sdr">
      <UniqueIdentifier>{41ccf6c7-a8f6-45ec-8cb6-239a31b0575a}</UniqueIdentifier>
    </Filter>
    <Filter Include="gucommon">
      <UniqueIdentifier>{6dac9a51-7fdb-45fa-a958-f3835ac819df}</UniqueIdentifier>
    </Filter>
    <Filter Include="gucommon\stb">
      <UniqueIdentifier>{523f6840-8462-4523-add4-b068a9b805af}</UniqueIdentifier>
    </Filter>
    <Filter Include="gucommon\strings">
      <UniqueIdentifier>{539cb3fe-c102-4b44-bfd7-8ba7240ebf05}</UniqueIdentifier>
    </Filter>
    <Filter Include="gucommon\logging">
      <UniqueIdentifier>{ba9dd763-44f0-4c21-922b-ff3f56742143}</UniqueIdentifier>
    </Filter>
    <Filter Include="gucommon\shaders">
      <UniqueIdentifier>{baade055-85c6-4695-b00a-2edff2bb8850}</UniqueIdentifier>
    </Filter>
    <Filter Include="gucommon\data">
      <UniqueIdentifier>{a4739d81-9f17-4d1b-9d67-d358c56c2983}</UniqueIdentifier>
    </Filter>
    <Filter Include="gucommon\text">
      <UniqueIdentifier>{9996c033-93dd-45a1-ad5e-ae985626bca7}</UniqueIdentifier>
    </Filter>
    <Filter Include="gucommon\vertex">
      <UniqueIdentifier>{b324fae5-2daa-43c0-8762-d0ad84c89501}</UniqueIdentifier>
    </Filter>
    <Filter Include="filters">
      <UniqueIdentifier>{836010b6-62ad-451d-aa91-0d3f76ec2a49}</UniqueIdentifier>
    </Filter>
    <Filter Include="math">
      <UniqueIdentifier>{4897884c-bac8-4c05-b81d-d3367a493522}</UniqueIdentifier>
    </Filter>
    <Filter Include="pane">
      <UniqueIdentifier>{7117b332-90e4-45a1-8909-aa144e9b7c59}</UniqueIdentifier>
    </Filter>
    <Filter Include="renderers">
      <UniqueIdentifier>{d1635c11-9845-47e5-9f89-82c4af4b7be9}</UniqueIdentifier>
    </Filter>
  </ItemGroup>
  <ItemGroup>
    <None Include="GuCommon\text\sentenceRender.fs">
      <Filter>gucommon\text</Filter>
    </None>
    <None Include="GuCommon\text\sentenceRender.vs">
      <Filter>gucommon\text</Filter>
    </None>
  </ItemGroup>
</Project>