<?xml version="1.0" encoding="utf-8"?>
<Project ToolsVersion="4.0" xmlns="http://schemas.microsoft.com/developer/msbuild/2003">
  <ItemGroup>
    <ClCompile Include="Lux.cpp" />
    <ClCompile Include="stb_implementations.cpp" />
    <ClCompile Include="logging\Logger.cpp">
      <Filter>logging</Filter>
    </ClCompile>
    <ClCompile Include="factories\ShaderFactory.cpp">
      <Filter>factories</Filter>
    </ClCompile>
    <ClCompile Include="Input.cpp" />
    <ClCompile Include="GraphicsSetup.cpp" />
    <ClCompile Include="strings\StringUtils.cpp">
      <Filter>strings</Filter>
    </ClCompile>
  </ItemGroup>
  <ItemGroup>
    <ClInclude Include="Lux.h" />
    <ClInclude Include="version.h" />
    <ClInclude Include="logging\Logger.h">
      <Filter>logging</Filter>
    </ClInclude>
    <ClInclude Include="factories\ShaderFactory.h">
      <Filter>factories</Filter>
    </ClInclude>
    <ClInclude Include="Input.h" />
    <ClInclude Include="GraphicsSetup.h" />
    <ClInclude Include="strings\StringUtils.h">
      <Filter>strings</Filter>
    </ClInclude>
  </ItemGroup>
  <ItemGroup>
    <Filter Include="factories">
      <UniqueIdentifier>{a579d21e-b097-4da8-b073-146ad156787c}</UniqueIdentifier>
    </Filter>
    <Filter Include="logging">
      <UniqueIdentifier>{062b9613-6903-4d22-880b-e0214c609e60}</UniqueIdentifier>
    </Filter>
    <Filter Include="strings">
      <UniqueIdentifier>{32f77c75-1f6e-4475-b6e2-f0e7cf4089e4}</UniqueIdentifier>
    </Filter>
  </ItemGroup>
</Project>